
Microsoft Visual Studio Solution File, Format Version 12.00
# Visual Studio 15
VisualStudioVersion = 15.0.28306.52
MinimumVisualStudioVersion = 10.0.40219.1
Project("{FAE04EC0-301F-11D3-BF4B-00C04F79EFBC}") = "testOne", "testOne\testOne.csproj", "{470D7667-9150-498D-A7F7-C49B4E18AB8C}"
EndProject
Global
	GlobalSection(SolutionConfigurationPlatforms) = preSolution
		Debug|Any CPU = Debug|Any CPU
		Release|Any CPU = Release|Any CPU
	EndGlobalSection
	GlobalSection(ProjectConfigurationPlatforms) = postSolution
		{470D7667-9150-498D-A7F7-C49B4E18AB8C}.Debug|Any CPU.ActiveCfg = Debug|Any CPU
		{470D7667-9150-498D-A7F7-C49B4E18AB8C}.Debug|Any CPU.Build.0 = Debug|Any CPU
		{470D7667-9150-498D-A7F7-C49B4E18AB8C}.Release|Any CPU.ActiveCfg = Release|Any CPU
		{470D7667-9150-498D-A7F7-C49B4E18AB8C}.Release|Any CPU.Build.0 = Release|Any CPU
	EndGlobalSection
	GlobalSection(SolutionProperties) = preSolution
		HideSolutionNode = FALSE
	EndGlobalSection
	GlobalSection(ExtensibilityGlobals) = postSolution
		SolutionGuid = {DCE35DF6-F0A7-4B0A-89EF-692914F42008}
	EndGlobalSection
EndGlobal
